github.com/fermyon/spin/sdk/go v1.0.0 h1:QlcL4ufDuKeF8JSsMXcTpjGP5OrutC9y1eT+Ilt0y2k=
github.com/fermyon/spin/sdk/go v1.0.0/go.mod h1:ARV2oVtnUCykLM+xCBZq8MQrCZddzb3JbeBettYv1S0=
github.com/julienschmidt/httprouter v1.3.0 h1:U0609e9tgbseu3rBINet9P48AI/D3oJs4dN7jwJOQ1U=
github.com/julienschmidt/httprouter v1.3.0/go.mod h1:JR6WtHb+2LUe8TCKY3cZOxFyyO8IZAc4RVcycCCAKdM=
